
Microsoft Visual Studio Solution File, Format Version 12.00
# Visual Studio Version 16
VisualStudioVersion = 16.0.30225.117
MinimumVisualStudioVersion = 10.0.40219.1
Project("{9A19103F-16F7-4668-BE54-9A1E7A4F7556}") = "MAS", "MAS\MAS.csproj", "{657D40FE-004F-49C6-A1CB-1327D6C8BCBF}"
EndProject
Project("{9A19103F-16F7-4668-BE54-9A1E7A4F7556}") = "AgentsProject", "AgentsProject\AgentsProject.csproj", "{B6917F5A-78DE-4CCC-89E9-A92F327BFD29}"
EndProject
Project("{FAE04EC0-301F-11D3-BF4B-00C04F79EFBC}") = "Common", "Common\Common.csproj", "{E43E08F7-8DA5-42F9-B009-88D09534A298}"
EndProject
Global
	GlobalSection(SolutionConfigurationPlatforms) = preSolution
		Debug|Any CPU = Debug|Any CPU
		Release|Any CPU = Release|Any CPU
	EndGlobalSection
	GlobalSection(ProjectConfigurationPlatforms) = postSolution
		{657D40FE-004F-49C6-A1CB-1327D6C8BCBF}.Debug|Any CPU.ActiveCfg = Debug|Any CPU
		{657D40FE-004F-49C6-A1CB-1327D6C8BCBF}.Debug|Any CPU.Build.0 = Debug|Any CPU
		{657D40FE-004F-49C6-A1CB-1327D6C8BCBF}.Release|Any CPU.ActiveCfg = Release|Any CPU
		{657D40FE-004F-49C6-A1CB-1327D6C8BCBF}.Release|Any CPU.Build.0 = Release|Any CPU
		{B6917F5A-78DE-4CCC-89E9-A92F327BFD29}.Debug|Any CPU.ActiveCfg = Debug|Any CPU
		{B6917F5A-78DE-4CCC-89E9-A92F327BFD29}.Debug|Any CPU.Build.0 = Debug|Any CPU
		{B6917F5A-78DE-4CCC-89E9-A92F327BFD29}.Release|Any CPU.ActiveCfg = Release|Any CPU
		{B6917F5A-78DE-4CCC-89E9-A92F327BFD29}.Release|Any CPU.Build.0 = Release|Any CPU
		{E43E08F7-8DA5-42F9-B009-88D09534A298}.Debug|Any CPU.ActiveCfg = Debug|Any CPU
		{E43E08F7-8DA5-42F9-B009-88D09534A298}.Debug|Any CPU.Build.0 = Debug|Any CPU
		{E43E08F7-8DA5-42F9-B009-88D09534A298}.Release|Any CPU.ActiveCfg = Release|Any CPU
		{E43E08F7-8DA5-42F9-B009-88D09534A298}.Release|Any CPU.Build.0 = Release|Any CPU
	EndGlobalSection
	GlobalSection(SolutionProperties) = preSolution
		HideSolutionNode = FALSE
	EndGlobalSection
	GlobalSection(ExtensibilityGlobals) = postSolution
		SolutionGuid = {92E78B78-74C6-4080-8B5B-6D20A75AA0AC}
	EndGlobalSection
EndGlobal
